
Microsoft Visual Studio Solution File, Format Version 12.00
# Visual Studio Version 17
VisualStudioVersion = 17.0.31912.275
MinimumVisualStudioVersion = 10.0.40219.1
Project("{9A19103F-16F7-4668-BE54-9A1E7A4F7556}") = "CryptoWatch.WebApi", "CryptoWatch.WebApi\CryptoWatch.WebApi.csproj", "{D32CBF03-D047-4EF6-95A0-6AF90D85D6FB}"
EndProject
Project("{9A19103F-16F7-4668-BE54-9A1E7A4F7556}") = "CryptoWatch.Models", "CryptoWatch.Models\CryptoWatch.Models.csproj", "{02A44884-C61A-49EC-ADB8-B494E9AEC139}"
EndProject
Project("{9A19103F-16F7-4668-BE54-9A1E7A4F7556}") = "CryptoWatch.CoinDataService", "CryptoWatch.CoinDataService\CryptoWatch.CoinDataService.csproj", "{570330E2-972D-4F55-BF08-2B6B9DEF926E}"
EndProject
Global
	GlobalSection(SolutionConfigurationPlatforms) = preSolution
		Debug|Any CPU = Debug|Any CPU
		Release|Any CPU = Release|Any CPU
	EndGlobalSection
	GlobalSection(ProjectConfigurationPlatforms) = postSolution
		{D32CBF03-D047-4EF6-95A0-6AF90D85D6FB}.Debug|Any CPU.ActiveCfg = Debug|Any CPU
		{D32CBF03-D047-4EF6-95A0-6AF90D85D6FB}.Debug|Any CPU.Build.0 = Debug|Any CPU
		{D32CBF03-D047-4EF6-95A0-6AF90D85D6FB}.Release|Any CPU.ActiveCfg = Release|Any CPU
		{D32CBF03-D047-4EF6-95A0-6AF90D85D6FB}.Release|Any CPU.Build.0 = Release|Any CPU
		{02A44884-C61A-49EC-ADB8-B494E9AEC139}.Debug|Any CPU.ActiveCfg = Debug|Any CPU
		{02A44884-C61A-49EC-ADB8-B494E9AEC139}.Debug|Any CPU.Build.0 = Debug|Any CPU
		{02A44884-C61A-49EC-ADB8-B494E9AEC139}.Release|Any CPU.ActiveCfg = Release|Any CPU
		{02A44884-C61A-49EC-ADB8-B494E9AEC139}.Release|Any CPU.Build.0 = Release|Any CPU
		{570330E2-972D-4F55-BF08-2B6B9DEF926E}.Debug|Any CPU.ActiveCfg = Debug|Any CPU
		{570330E2-972D-4F55-BF08-2B6B9DEF926E}.Debug|Any CPU.Build.0 = Debug|Any CPU
		{570330E2-972D-4F55-BF08-2B6B9DEF926E}.Release|Any CPU.ActiveCfg = Release|Any CPU
		{570330E2-972D-4F55-BF08-2B6B9DEF926E}.Release|Any CPU.Build.0 = Release|Any CPU
	EndGlobalSection
	GlobalSection(SolutionProperties) = preSolution
		HideSolutionNode = FALSE
	EndGlobalSection
	GlobalSection(ExtensibilityGlobals) = postSolution
		SolutionGuid = {B0B6AB9A-544B-4FBE-9B5A-E6A138F5B84F}
	EndGlobalSection
EndGlobal
